
Microsoft Visual Studio Solution File, Format Version 12.00
# Visual Studio Version 16
VisualStudioVersion = 16.0.30204.135
MinimumVisualStudioVersion = 10.0.40219.1
Project("{FAE04EC0-301F-11D3-BF4B-00C04F79EFBC}") = "02. Radians to Degrees", "02. Radians to Degrees\02. Radians to Degrees.csproj", "{0BEDFDE4-8463-43E2-A3F3-63E8806B59C0}"
EndProject
Global
	GlobalSection(SolutionConfigurationPlatforms) = preSolution
		Debug|Any CPU = Debug|Any CPU
		Release|Any CPU = Release|Any CPU
	EndGlobalSection
	GlobalSection(ProjectConfigurationPlatforms) = postSolution
		{0BEDFDE4-8463-43E2-A3F3-63E8806B59C0}.Debug|Any CPU.ActiveCfg = Debug|Any CPU
		{0BEDFDE4-8463-43E2-A3F3-63E8806B59C0}.Debug|Any CPU.Build.0 = Debug|Any CPU
		{0BEDFDE4-8463-43E2-A3F3-63E8806B59C0}.Release|Any CPU.ActiveCfg = Release|Any CPU
		{0BEDFDE4-8463-43E2-A3F3-63E8806B59C0}.Release|Any CPU.Build.0 = Release|Any CPU
	EndGlobalSection
	GlobalSection(SolutionProperties) = preSolution
		HideSolutionNode = FALSE
	EndGlobalSection
	GlobalSection(ExtensibilityGlobals) = postSolution
		SolutionGuid = {3A25A27D-667F-41FA-89F6-F0DB2AC23D63}
	EndGlobalSection
EndGlobal
