
Microsoft Visual Studio Solution File, Format Version 12.00
# Visual Studio Version 16
VisualStudioVersion = 16.0.30204.135
MinimumVisualStudioVersion = 10.0.40219.1
Project("{9A19103F-16F7-4668-BE54-9A1E7A4F7556}") = "TextAndNumbers", "TextAndNumbers\TextAndNumbers.csproj", "{DDA3549E-22E2-45E6-87FA-0EACF9AFF08E}"
EndProject
Project("{FAE04EC0-301F-11D3-BF4B-00C04F79EFBC}") = "08.Pet Shop", "08.Pet Shop\08.Pet Shop.csproj", "{E954EFEC-8F20-4AD3-9BBB-9977D8BA962A}"
EndProject
Project("{FAE04EC0-301F-11D3-BF4B-00C04F79EFBC}") = "09.YardGreening", "09.YardGreening\09.YardGreening.csproj", "{D128157F-9E0D-42A3-A564-3821D4C6C287}"
EndProject
Global
	GlobalSection(SolutionConfigurationPlatforms) = preSolution
		Debug|Any CPU = Debug|Any CPU
		Release|Any CPU = Release|Any CPU
	EndGlobalSection
	GlobalSection(ProjectConfigurationPlatforms) = postSolution
		{DDA3549E-22E2-45E6-87FA-0EACF9AFF08E}.Debug|Any CPU.ActiveCfg = Debug|Any CPU
		{DDA3549E-22E2-45E6-87FA-0EACF9AFF08E}.Debug|Any CPU.Build.0 = Debug|Any CPU
		{DDA3549E-22E2-45E6-87FA-0EACF9AFF08E}.Release|Any CPU.ActiveCfg = Release|Any CPU
		{DDA3549E-22E2-45E6-87FA-0EACF9AFF08E}.Release|Any CPU.Build.0 = Release|Any CPU
		{E954EFEC-8F20-4AD3-9BBB-9977D8BA962A}.Debug|Any CPU.ActiveCfg = Debug|Any CPU
		{E954EFEC-8F20-4AD3-9BBB-9977D8BA962A}.Debug|Any CPU.Build.0 = Debug|Any CPU
		{E954EFEC-8F20-4AD3-9BBB-9977D8BA962A}.Release|Any CPU.ActiveCfg = Release|Any CPU
		{E954EFEC-8F20-4AD3-9BBB-9977D8BA962A}.Release|Any CPU.Build.0 = Release|Any CPU
		{D128157F-9E0D-42A3-A564-3821D4C6C287}.Debug|Any CPU.ActiveCfg = Debug|Any CPU
		{D128157F-9E0D-42A3-A564-3821D4C6C287}.Debug|Any CPU.Build.0 = Debug|Any CPU
		{D128157F-9E0D-42A3-A564-3821D4C6C287}.Release|Any CPU.ActiveCfg = Release|Any CPU
		{D128157F-9E0D-42A3-A564-3821D4C6C287}.Release|Any CPU.Build.0 = Release|Any CPU
	EndGlobalSection
	GlobalSection(SolutionProperties) = preSolution
		HideSolutionNode = FALSE
	EndGlobalSection
	GlobalSection(ExtensibilityGlobals) = postSolution
		SolutionGuid = {9C0C33A9-34B7-49B5-A9BC-2DA318CC6DAD}
	EndGlobalSection
EndGlobal
