
Microsoft Visual Studio Solution File, Format Version 12.00
# Visual Studio Version 16
VisualStudioVersion = 16.0.30204.135
MinimumVisualStudioVersion = 10.0.40219.1
Project("{FAE04EC0-301F-11D3-BF4B-00C04F79EFBC}") = "GreatingsFromMiro", "GreatingsFromMiro\GreatingsFromMiro.csproj", "{DE198B0E-AAFD-4584-A862-ABC81FC64844}"
EndProject
Global
	GlobalSection(SolutionConfigurationPlatforms) = preSolution
		Debug|Any CPU = Debug|Any CPU
		Release|Any CPU = Release|Any CPU
	EndGlobalSection
	GlobalSection(ProjectConfigurationPlatforms) = postSolution
		{DE198B0E-AAFD-4584-A862-ABC81FC64844}.Debug|Any CPU.ActiveCfg = Debug|Any CPU
		{DE198B0E-AAFD-4584-A862-ABC81FC64844}.Debug|Any CPU.Build.0 = Debug|Any CPU
		{DE198B0E-AAFD-4584-A862-ABC81FC64844}.Release|Any CPU.ActiveCfg = Release|Any CPU
		{DE198B0E-AAFD-4584-A862-ABC81FC64844}.Release|Any CPU.Build.0 = Release|Any CPU
	EndGlobalSection
	GlobalSection(SolutionProperties) = preSolution
		HideSolutionNode = FALSE
	EndGlobalSection
	GlobalSection(ExtensibilityGlobals) = postSolution
		SolutionGuid = {3C7BFB36-D46F-4DF2-BF48-6BBD82961A18}
	EndGlobalSection
EndGlobal
