
Microsoft Visual Studio Solution File, Format Version 12.00
# Visual Studio Version 16
VisualStudioVersion = 16.0.30804.86
MinimumVisualStudioVersion = 10.0.40219.1
Project("{FAE04EC0-301F-11D3-BF4B-00C04F79EFBC}") = "01. Flower Wreaths", "01. Flower Wreaths\01. Flower Wreaths.csproj", "{8B8BF620-9375-4D60-B907-65DF4DDCB9CC}"
EndProject
Project("{FAE04EC0-301F-11D3-BF4B-00C04F79EFBC}") = "02Bee", "02Bee\02Bee.csproj", "{C73D3A65-F5AC-473E-9F62-74FC1B323017}"
EndProject
Project("{FAE04EC0-301F-11D3-BF4B-00C04F79EFBC}") = "VetClinic", "VetClinic\VetClinic.csproj", "{7F55411B-C9F9-4A30-96BA-F8F34CCD91FB}"
EndProject
Global
	GlobalSection(SolutionConfigurationPlatforms) = preSolution
		Debug|Any CPU = Debug|Any CPU
		Release|Any CPU = Release|Any CPU
	EndGlobalSection
	GlobalSection(ProjectConfigurationPlatforms) = postSolution
		{8B8BF620-9375-4D60-B907-65DF4DDCB9CC}.Debug|Any CPU.ActiveCfg = Debug|Any CPU
		{8B8BF620-9375-4D60-B907-65DF4DDCB9CC}.Debug|Any CPU.Build.0 = Debug|Any CPU
		{8B8BF620-9375-4D60-B907-65DF4DDCB9CC}.Release|Any CPU.ActiveCfg = Release|Any CPU
		{8B8BF620-9375-4D60-B907-65DF4DDCB9CC}.Release|Any CPU.Build.0 = Release|Any CPU
		{C73D3A65-F5AC-473E-9F62-74FC1B323017}.Debug|Any CPU.ActiveCfg = Debug|Any CPU
		{C73D3A65-F5AC-473E-9F62-74FC1B323017}.Debug|Any CPU.Build.0 = Debug|Any CPU
		{C73D3A65-F5AC-473E-9F62-74FC1B323017}.Release|Any CPU.ActiveCfg = Release|Any CPU
		{C73D3A65-F5AC-473E-9F62-74FC1B323017}.Release|Any CPU.Build.0 = Release|Any CPU
		{7F55411B-C9F9-4A30-96BA-F8F34CCD91FB}.Debug|Any CPU.ActiveCfg = Debug|Any CPU
		{7F55411B-C9F9-4A30-96BA-F8F34CCD91FB}.Debug|Any CPU.Build.0 = Debug|Any CPU
		{7F55411B-C9F9-4A30-96BA-F8F34CCD91FB}.Release|Any CPU.ActiveCfg = Release|Any CPU
		{7F55411B-C9F9-4A30-96BA-F8F34CCD91FB}.Release|Any CPU.Build.0 = Release|Any CPU
	EndGlobalSection
	GlobalSection(SolutionProperties) = preSolution
		HideSolutionNode = FALSE
	EndGlobalSection
	GlobalSection(ExtensibilityGlobals) = postSolution
		SolutionGuid = {3EEAF19B-75E5-4953-A98E-4DE150D53F6F}
	EndGlobalSection
EndGlobal
