
Microsoft Visual Studio Solution File, Format Version 12.00
# Visual Studio Version 16
VisualStudioVersion = 16.0.30804.86
MinimumVisualStudioVersion = 10.0.40219.1
Project("{9A19103F-16F7-4668-BE54-9A1E7A4F7556}") = "LinkedList", "LikedList\LinkedList.csproj", "{BB073D6F-108B-4D5E-AA28-044D520B3F7D}"
EndProject
Global
	GlobalSection(SolutionConfigurationPlatforms) = preSolution
		Debug|Any CPU = Debug|Any CPU
		Release|Any CPU = Release|Any CPU
	EndGlobalSection
	GlobalSection(ProjectConfigurationPlatforms) = postSolution
		{BB073D6F-108B-4D5E-AA28-044D520B3F7D}.Debug|Any CPU.ActiveCfg = Debug|Any CPU
		{BB073D6F-108B-4D5E-AA28-044D520B3F7D}.Debug|Any CPU.Build.0 = Debug|Any CPU
		{BB073D6F-108B-4D5E-AA28-044D520B3F7D}.Release|Any CPU.ActiveCfg = Release|Any CPU
		{BB073D6F-108B-4D5E-AA28-044D520B3F7D}.Release|Any CPU.Build.0 = Release|Any CPU
	EndGlobalSection
	GlobalSection(SolutionProperties) = preSolution
		HideSolutionNode = FALSE
	EndGlobalSection
	GlobalSection(ExtensibilityGlobals) = postSolution
		SolutionGuid = {57B23A5A-F7E4-423A-A035-3560A6A62609}
	EndGlobalSection
EndGlobal
