
Microsoft Visual Studio Solution File, Format Version 12.00
# Visual Studio Version 16
VisualStudioVersion = 16.0.30204.135
MinimumVisualStudioVersion = 10.0.40219.1
Project("{9A19103F-16F7-4668-BE54-9A1E7A4F7556}") = "04.VacationBooksList", "04.VacationBooksList.csproj", "{D29B3BB3-BC80-4DAE-8553-9221343A7C07}"
	ProjectSection(ProjectDependencies) = postProject
		{6D3285E3-A0C5-4A4E-9E87-D369D4381FC5} = {6D3285E3-A0C5-4A4E-9E87-D369D4381FC5}
	EndProjectSection
EndProject
Project("{FAE04EC0-301F-11D3-BF4B-00C04F79EFBC}") = "07.Fruit Market", "..\07.Fruit Market\07.Fruit Market.csproj", "{6D3285E3-A0C5-4A4E-9E87-D369D4381FC5}"
EndProject
Global
	GlobalSection(SolutionConfigurationPlatforms) = preSolution
		Debug|Any CPU = Debug|Any CPU
		Release|Any CPU = Release|Any CPU
	EndGlobalSection
	GlobalSection(ProjectConfigurationPlatforms) = postSolution
		{D29B3BB3-BC80-4DAE-8553-9221343A7C07}.Debug|Any CPU.ActiveCfg = Debug|Any CPU
		{D29B3BB3-BC80-4DAE-8553-9221343A7C07}.Debug|Any CPU.Build.0 = Debug|Any CPU
		{D29B3BB3-BC80-4DAE-8553-9221343A7C07}.Release|Any CPU.ActiveCfg = Release|Any CPU
		{D29B3BB3-BC80-4DAE-8553-9221343A7C07}.Release|Any CPU.Build.0 = Release|Any CPU
		{6D3285E3-A0C5-4A4E-9E87-D369D4381FC5}.Debug|Any CPU.ActiveCfg = Debug|Any CPU
		{6D3285E3-A0C5-4A4E-9E87-D369D4381FC5}.Debug|Any CPU.Build.0 = Debug|Any CPU
		{6D3285E3-A0C5-4A4E-9E87-D369D4381FC5}.Release|Any CPU.ActiveCfg = Release|Any CPU
		{6D3285E3-A0C5-4A4E-9E87-D369D4381FC5}.Release|Any CPU.Build.0 = Release|Any CPU
	EndGlobalSection
	GlobalSection(SolutionProperties) = preSolution
		HideSolutionNode = FALSE
	EndGlobalSection
	GlobalSection(ExtensibilityGlobals) = postSolution
		SolutionGuid = {95273D47-85A6-4D3A-9729-BABF2A2789B4}
	EndGlobalSection
EndGlobal
