
Microsoft Visual Studio Solution File, Format Version 12.00
# Visual Studio Version 16
VisualStudioVersion = 16.0.30523.141
MinimumVisualStudioVersion = 10.0.40219.1
Project("{FAE04EC0-301F-11D3-BF4B-00C04F79EFBC}") = "Associative Arrays - Lab", "Associative Arrays - Lab\Associative Arrays - Lab.csproj", "{87EA5E40-6BFB-4631-BECD-EB4F9B9CEF8D}"
EndProject
Project("{FAE04EC0-301F-11D3-BF4B-00C04F79EFBC}") = "02. Odd Occurrences", "02. Odd Occurrences\02. Odd Occurrences.csproj", "{467785AB-26C2-44D3-97BE-AD85F319EFDA}"
EndProject
Project("{FAE04EC0-301F-11D3-BF4B-00C04F79EFBC}") = "03. Word Synonyms", "03. Word Synonyms\03. Word Synonyms.csproj", "{0996E7CD-5A6F-45DB-9335-50CED412CE16}"
EndProject
Project("{FAE04EC0-301F-11D3-BF4B-00C04F79EFBC}") = "05. Word Filter", "05. Word Filter\05. Word Filter.csproj", "{09B4EA9F-4598-438A-A8E8-5B0257913B8E}"
EndProject
Project("{FAE04EC0-301F-11D3-BF4B-00C04F79EFBC}") = "04. Largest 3 Numbers", "04. Largest 3 Numbers\04. Largest 3 Numbers.csproj", "{3D1B3E15-9730-404F-94F1-433B002D0133}"
EndProject
Global
	GlobalSection(SolutionConfigurationPlatforms) = preSolution
		Debug|Any CPU = Debug|Any CPU
		Release|Any CPU = Release|Any CPU
	EndGlobalSection
	GlobalSection(ProjectConfigurationPlatforms) = postSolution
		{87EA5E40-6BFB-4631-BECD-EB4F9B9CEF8D}.Debug|Any CPU.ActiveCfg = Debug|Any CPU
		{87EA5E40-6BFB-4631-BECD-EB4F9B9CEF8D}.Debug|Any CPU.Build.0 = Debug|Any CPU
		{87EA5E40-6BFB-4631-BECD-EB4F9B9CEF8D}.Release|Any CPU.ActiveCfg = Release|Any CPU
		{87EA5E40-6BFB-4631-BECD-EB4F9B9CEF8D}.Release|Any CPU.Build.0 = Release|Any CPU
		{467785AB-26C2-44D3-97BE-AD85F319EFDA}.Debug|Any CPU.ActiveCfg = Debug|Any CPU
		{467785AB-26C2-44D3-97BE-AD85F319EFDA}.Debug|Any CPU.Build.0 = Debug|Any CPU
		{467785AB-26C2-44D3-97BE-AD85F319EFDA}.Release|Any CPU.ActiveCfg = Release|Any CPU
		{467785AB-26C2-44D3-97BE-AD85F319EFDA}.Release|Any CPU.Build.0 = Release|Any CPU
		{0996E7CD-5A6F-45DB-9335-50CED412CE16}.Debug|Any CPU.ActiveCfg = Debug|Any CPU
		{0996E7CD-5A6F-45DB-9335-50CED412CE16}.Debug|Any CPU.Build.0 = Debug|Any CPU
		{0996E7CD-5A6F-45DB-9335-50CED412CE16}.Release|Any CPU.ActiveCfg = Release|Any CPU
		{0996E7CD-5A6F-45DB-9335-50CED412CE16}.Release|Any CPU.Build.0 = Release|Any CPU
		{09B4EA9F-4598-438A-A8E8-5B0257913B8E}.Debug|Any CPU.ActiveCfg = Debug|Any CPU
		{09B4EA9F-4598-438A-A8E8-5B0257913B8E}.Debug|Any CPU.Build.0 = Debug|Any CPU
		{09B4EA9F-4598-438A-A8E8-5B0257913B8E}.Release|Any CPU.ActiveCfg = Release|Any CPU
		{09B4EA9F-4598-438A-A8E8-5B0257913B8E}.Release|Any CPU.Build.0 = Release|Any CPU
		{3D1B3E15-9730-404F-94F1-433B002D0133}.Debug|Any CPU.ActiveCfg = Debug|Any CPU
		{3D1B3E15-9730-404F-94F1-433B002D0133}.Debug|Any CPU.Build.0 = Debug|Any CPU
		{3D1B3E15-9730-404F-94F1-433B002D0133}.Release|Any CPU.ActiveCfg = Release|Any CPU
		{3D1B3E15-9730-404F-94F1-433B002D0133}.Release|Any CPU.Build.0 = Release|Any CPU
	EndGlobalSection
	GlobalSection(SolutionProperties) = preSolution
		HideSolutionNode = FALSE
	EndGlobalSection
	GlobalSection(ExtensibilityGlobals) = postSolution
		SolutionGuid = {F22F082C-F78A-4821-8DF2-C02FB9AF808F}
	EndGlobalSection
EndGlobal
