
Microsoft Visual Studio Solution File, Format Version 12.00
# Visual Studio Version 16
VisualStudioVersion = 16.0.30804.86
MinimumVisualStudioVersion = 10.0.40219.1
Project("{FAE04EC0-301F-11D3-BF4B-00C04F79EFBC}") = "Matrix", "Matrix\Matrix.csproj", "{6D6AEEFE-F6E6-452A-9F8B-D5D3B20807D8}"
EndProject
Project("{FAE04EC0-301F-11D3-BF4B-00C04F79EFBC}") = "1. Sum Matrix Elements", "1. Sum Matrix Elements\1. Sum Matrix Elements.csproj", "{C767F89F-4252-4E0E-A8D9-E919AC50440B}"
EndProject
Project("{FAE04EC0-301F-11D3-BF4B-00C04F79EFBC}") = "2. Sum Matrix Columns", "2. Sum Matrix Columns\2. Sum Matrix Columns.csproj", "{20D6B9A3-34E4-4F80-B580-3FE7A97BDEE3}"
EndProject
Project("{FAE04EC0-301F-11D3-BF4B-00C04F79EFBC}") = "3. Primary Diagonal", "3. Primary Diagonal\3. Primary Diagonal.csproj", "{97316EB7-66D3-49B1-93AB-EDD9AF3D6B29}"
EndProject
Project("{FAE04EC0-301F-11D3-BF4B-00C04F79EFBC}") = "5. Square With Maximum Sum", "5. Square With Maximum Sum\5. Square With Maximum Sum.csproj", "{FCFFD162-8A0C-4214-B597-A056CBB99F8F}"
EndProject
Project("{FAE04EC0-301F-11D3-BF4B-00C04F79EFBC}") = "4. Symbol in Matrix", "4. Symbol in Matrix\4. Symbol in Matrix.csproj", "{BBEE2E02-1B57-45C9-952B-C0887C7DEE02}"
EndProject
Project("{FAE04EC0-301F-11D3-BF4B-00C04F79EFBC}") = "6. Jagged-Array Modification", "6. Jagged-Array Modification\6. Jagged-Array Modification.csproj", "{35923ECE-DA20-4A85-A76A-828D85ACB1C1}"
EndProject
Project("{FAE04EC0-301F-11D3-BF4B-00C04F79EFBC}") = "7. Pascal Triangle", "7. Pascal Triangle\7. Pascal Triangle.csproj", "{19770401-34FD-4BB2-9D63-225D90433363}"
EndProject
Global
	GlobalSection(SolutionConfigurationPlatforms) = preSolution
		Debug|Any CPU = Debug|Any CPU
		Release|Any CPU = Release|Any CPU
	EndGlobalSection
	GlobalSection(ProjectConfigurationPlatforms) = postSolution
		{6D6AEEFE-F6E6-452A-9F8B-D5D3B20807D8}.Debug|Any CPU.ActiveCfg = Debug|Any CPU
		{6D6AEEFE-F6E6-452A-9F8B-D5D3B20807D8}.Debug|Any CPU.Build.0 = Debug|Any CPU
		{6D6AEEFE-F6E6-452A-9F8B-D5D3B20807D8}.Release|Any CPU.ActiveCfg = Release|Any CPU
		{6D6AEEFE-F6E6-452A-9F8B-D5D3B20807D8}.Release|Any CPU.Build.0 = Release|Any CPU
		{C767F89F-4252-4E0E-A8D9-E919AC50440B}.Debug|Any CPU.ActiveCfg = Debug|Any CPU
		{C767F89F-4252-4E0E-A8D9-E919AC50440B}.Debug|Any CPU.Build.0 = Debug|Any CPU
		{C767F89F-4252-4E0E-A8D9-E919AC50440B}.Release|Any CPU.ActiveCfg = Release|Any CPU
		{C767F89F-4252-4E0E-A8D9-E919AC50440B}.Release|Any CPU.Build.0 = Release|Any CPU
		{20D6B9A3-34E4-4F80-B580-3FE7A97BDEE3}.Debug|Any CPU.ActiveCfg = Debug|Any CPU
		{20D6B9A3-34E4-4F80-B580-3FE7A97BDEE3}.Debug|Any CPU.Build.0 = Debug|Any CPU
		{20D6B9A3-34E4-4F80-B580-3FE7A97BDEE3}.Release|Any CPU.ActiveCfg = Release|Any CPU
		{20D6B9A3-34E4-4F80-B580-3FE7A97BDEE3}.Release|Any CPU.Build.0 = Release|Any CPU
		{97316EB7-66D3-49B1-93AB-EDD9AF3D6B29}.Debug|Any CPU.ActiveCfg = Debug|Any CPU
		{97316EB7-66D3-49B1-93AB-EDD9AF3D6B29}.Debug|Any CPU.Build.0 = Debug|Any CPU
		{97316EB7-66D3-49B1-93AB-EDD9AF3D6B29}.Release|Any CPU.ActiveCfg = Release|Any CPU
		{97316EB7-66D3-49B1-93AB-EDD9AF3D6B29}.Release|Any CPU.Build.0 = Release|Any CPU
		{FCFFD162-8A0C-4214-B597-A056CBB99F8F}.Debug|Any CPU.ActiveCfg = Debug|Any CPU
		{FCFFD162-8A0C-4214-B597-A056CBB99F8F}.Debug|Any CPU.Build.0 = Debug|Any CPU
		{FCFFD162-8A0C-4214-B597-A056CBB99F8F}.Release|Any CPU.ActiveCfg = Release|Any CPU
		{FCFFD162-8A0C-4214-B597-A056CBB99F8F}.Release|Any CPU.Build.0 = Release|Any CPU
		{BBEE2E02-1B57-45C9-952B-C0887C7DEE02}.Debug|Any CPU.ActiveCfg = Debug|Any CPU
		{BBEE2E02-1B57-45C9-952B-C0887C7DEE02}.Debug|Any CPU.Build.0 = Debug|Any CPU
		{BBEE2E02-1B57-45C9-952B-C0887C7DEE02}.Release|Any CPU.ActiveCfg = Release|Any CPU
		{BBEE2E02-1B57-45C9-952B-C0887C7DEE02}.Release|Any CPU.Build.0 = Release|Any CPU
		{35923ECE-DA20-4A85-A76A-828D85ACB1C1}.Debug|Any CPU.ActiveCfg = Debug|Any CPU
		{35923ECE-DA20-4A85-A76A-828D85ACB1C1}.Debug|Any CPU.Build.0 = Debug|Any CPU
		{35923ECE-DA20-4A85-A76A-828D85ACB1C1}.Release|Any CPU.ActiveCfg = Release|Any CPU
		{35923ECE-DA20-4A85-A76A-828D85ACB1C1}.Release|Any CPU.Build.0 = Release|Any CPU
		{19770401-34FD-4BB2-9D63-225D90433363}.Debug|Any CPU.ActiveCfg = Debug|Any CPU
		{19770401-34FD-4BB2-9D63-225D90433363}.Debug|Any CPU.Build.0 = Debug|Any CPU
		{19770401-34FD-4BB2-9D63-225D90433363}.Release|Any CPU.ActiveCfg = Release|Any CPU
		{19770401-34FD-4BB2-9D63-225D90433363}.Release|Any CPU.Build.0 = Release|Any CPU
	EndGlobalSection
	GlobalSection(SolutionProperties) = preSolution
		HideSolutionNode = FALSE
	EndGlobalSection
	GlobalSection(ExtensibilityGlobals) = postSolution
		SolutionGuid = {1C7F736A-8B40-4623-9A27-B59D12E7272E}
	EndGlobalSection
EndGlobal
