
Microsoft Visual Studio Solution File, Format Version 12.00
# Visual Studio Version 16
VisualStudioVersion = 16.0.31019.35
MinimumVisualStudioVersion = 10.0.40219.1
Project("{FAE04EC0-301F-11D3-BF4B-00C04F79EFBC}") = "EncapsulationLab", "EncapsulationLab\EncapsulationLab.csproj", "{4AC93951-CD8A-480E-AFF5-B2C455C2C280}"
EndProject
Project("{FAE04EC0-301F-11D3-BF4B-00C04F79EFBC}") = "PersonsInfo", "PersonsInfo\PersonsInfo.csproj", "{99CF24CE-281E-4D1C-9F8D-3D2C7B988C3A}"
EndProject
Global
	GlobalSection(SolutionConfigurationPlatforms) = preSolution
		Debug|Any CPU = Debug|Any CPU
		Release|Any CPU = Release|Any CPU
	EndGlobalSection
	GlobalSection(ProjectConfigurationPlatforms) = postSolution
		{4AC93951-CD8A-480E-AFF5-B2C455C2C280}.Debug|Any CPU.ActiveCfg = Debug|Any CPU
		{4AC93951-CD8A-480E-AFF5-B2C455C2C280}.Debug|Any CPU.Build.0 = Debug|Any CPU
		{4AC93951-CD8A-480E-AFF5-B2C455C2C280}.Release|Any CPU.ActiveCfg = Release|Any CPU
		{4AC93951-CD8A-480E-AFF5-B2C455C2C280}.Release|Any CPU.Build.0 = Release|Any CPU
		{99CF24CE-281E-4D1C-9F8D-3D2C7B988C3A}.Debug|Any CPU.ActiveCfg = Debug|Any CPU
		{99CF24CE-281E-4D1C-9F8D-3D2C7B988C3A}.Debug|Any CPU.Build.0 = Debug|Any CPU
		{99CF24CE-281E-4D1C-9F8D-3D2C7B988C3A}.Release|Any CPU.ActiveCfg = Release|Any CPU
		{99CF24CE-281E-4D1C-9F8D-3D2C7B988C3A}.Release|Any CPU.Build.0 = Release|Any CPU
	EndGlobalSection
	GlobalSection(SolutionProperties) = preSolution
		HideSolutionNode = FALSE
	EndGlobalSection
	GlobalSection(ExtensibilityGlobals) = postSolution
		SolutionGuid = {4A41F198-F4E4-42E0-9D76-817F0BEB82A5}
	EndGlobalSection
EndGlobal
