
Microsoft Visual Studio Solution File, Format Version 12.00
# Visual Studio Version 16
VisualStudioVersion = 16.0.30523.141
MinimumVisualStudioVersion = 10.0.40219.1
Project("{FAE04EC0-301F-11D3-BF4B-00C04F79EFBC}") = "01. Reverse Strings", "01. Reverse Strings\01. Reverse Strings.csproj", "{D0CCF34A-BF66-4ED1-9D3B-9C58CEBAC3DE}"
EndProject
Project("{FAE04EC0-301F-11D3-BF4B-00C04F79EFBC}") = "03. Substring", "03. Substring\03. Substring.csproj", "{9ACA2699-9B26-4030-B798-BD11562E35FF}"
EndProject
Project("{FAE04EC0-301F-11D3-BF4B-00C04F79EFBC}") = "04. Text Filter", "04. Text Filter\04. Text Filter.csproj", "{345FB67C-B1CA-427D-B5C0-B05F5867DE1D}"
EndProject
Project("{FAE04EC0-301F-11D3-BF4B-00C04F79EFBC}") = "05. Digits, Letters and Other", "05. Digits, Letters and Other\05. Digits, Letters and Other.csproj", "{579C6C21-9EFC-4C5F-9E90-70631AE60E5D}"
EndProject
Project("{FAE04EC0-301F-11D3-BF4B-00C04F79EFBC}") = "02. Reverse Strings", "02. Reverse Strings\02. Reverse Strings.csproj", "{A84876AA-B4C2-4414-9CE9-D290F498822B}"
EndProject
Global
	GlobalSection(SolutionConfigurationPlatforms) = preSolution
		Debug|Any CPU = Debug|Any CPU
		Release|Any CPU = Release|Any CPU
	EndGlobalSection
	GlobalSection(ProjectConfigurationPlatforms) = postSolution
		{D0CCF34A-BF66-4ED1-9D3B-9C58CEBAC3DE}.Debug|Any CPU.ActiveCfg = Debug|Any CPU
		{D0CCF34A-BF66-4ED1-9D3B-9C58CEBAC3DE}.Debug|Any CPU.Build.0 = Debug|Any CPU
		{D0CCF34A-BF66-4ED1-9D3B-9C58CEBAC3DE}.Release|Any CPU.ActiveCfg = Release|Any CPU
		{D0CCF34A-BF66-4ED1-9D3B-9C58CEBAC3DE}.Release|Any CPU.Build.0 = Release|Any CPU
		{9ACA2699-9B26-4030-B798-BD11562E35FF}.Debug|Any CPU.ActiveCfg = Debug|Any CPU
		{9ACA2699-9B26-4030-B798-BD11562E35FF}.Debug|Any CPU.Build.0 = Debug|Any CPU
		{9ACA2699-9B26-4030-B798-BD11562E35FF}.Release|Any CPU.ActiveCfg = Release|Any CPU
		{9ACA2699-9B26-4030-B798-BD11562E35FF}.Release|Any CPU.Build.0 = Release|Any CPU
		{345FB67C-B1CA-427D-B5C0-B05F5867DE1D}.Debug|Any CPU.ActiveCfg = Debug|Any CPU
		{345FB67C-B1CA-427D-B5C0-B05F5867DE1D}.Debug|Any CPU.Build.0 = Debug|Any CPU
		{345FB67C-B1CA-427D-B5C0-B05F5867DE1D}.Release|Any CPU.ActiveCfg = Release|Any CPU
		{345FB67C-B1CA-427D-B5C0-B05F5867DE1D}.Release|Any CPU.Build.0 = Release|Any CPU
		{579C6C21-9EFC-4C5F-9E90-70631AE60E5D}.Debug|Any CPU.ActiveCfg = Debug|Any CPU
		{579C6C21-9EFC-4C5F-9E90-70631AE60E5D}.Debug|Any CPU.Build.0 = Debug|Any CPU
		{579C6C21-9EFC-4C5F-9E90-70631AE60E5D}.Release|Any CPU.ActiveCfg = Release|Any CPU
		{579C6C21-9EFC-4C5F-9E90-70631AE60E5D}.Release|Any CPU.Build.0 = Release|Any CPU
		{A84876AA-B4C2-4414-9CE9-D290F498822B}.Debug|Any CPU.ActiveCfg = Debug|Any CPU
		{A84876AA-B4C2-4414-9CE9-D290F498822B}.Debug|Any CPU.Build.0 = Debug|Any CPU
		{A84876AA-B4C2-4414-9CE9-D290F498822B}.Release|Any CPU.ActiveCfg = Release|Any CPU
		{A84876AA-B4C2-4414-9CE9-D290F498822B}.Release|Any CPU.Build.0 = Release|Any CPU
	EndGlobalSection
	GlobalSection(SolutionProperties) = preSolution
		HideSolutionNode = FALSE
	EndGlobalSection
	GlobalSection(ExtensibilityGlobals) = postSolution
		SolutionGuid = {ED4BD4D4-E7EF-45E4-A331-D87ABF902A38}
	EndGlobalSection
EndGlobal
