
Microsoft Visual Studio Solution File, Format Version 12.00
# Visual Studio Version 16
VisualStudioVersion = 16.0.30204.135
MinimumVisualStudioVersion = 10.0.40219.1
Project("{FAE04EC0-301F-11D3-BF4B-00C04F79EFBC}") = "ConvertingInchIntoCentimeters", "ConvertingInchIntoCentimeters\ConvertingInchIntoCentimeters.csproj", "{01E69DC7-B1C0-4CAA-BECC-5378724EC521}"
EndProject
Global
	GlobalSection(SolutionConfigurationPlatforms) = preSolution
		Debug|Any CPU = Debug|Any CPU
		Release|Any CPU = Release|Any CPU
	EndGlobalSection
	GlobalSection(ProjectConfigurationPlatforms) = postSolution
		{01E69DC7-B1C0-4CAA-BECC-5378724EC521}.Debug|Any CPU.ActiveCfg = Debug|Any CPU
		{01E69DC7-B1C0-4CAA-BECC-5378724EC521}.Debug|Any CPU.Build.0 = Debug|Any CPU
		{01E69DC7-B1C0-4CAA-BECC-5378724EC521}.Release|Any CPU.ActiveCfg = Release|Any CPU
		{01E69DC7-B1C0-4CAA-BECC-5378724EC521}.Release|Any CPU.Build.0 = Release|Any CPU
	EndGlobalSection
	GlobalSection(SolutionProperties) = preSolution
		HideSolutionNode = FALSE
	EndGlobalSection
	GlobalSection(ExtensibilityGlobals) = postSolution
		SolutionGuid = {84B4C1B8-2119-44F4-A407-D47D37BC09FC}
	EndGlobalSection
EndGlobal
